{
    "name": "test",
    "lockfileVersion": 3,
    "requires": true,
    "packages": {
        "": {
            "dependencies": {
                "@kobalte/core": "^0.13.11",
                "solid-html": "^1.8.2"
            }
        },
        "../packages/ts-plugin": {
            "name": "sld-ts-plugin",
            "extraneous": true,
            "dependencies": {
                "html5parser": "^2.0.2"
            },
            "devDependencies": {
                "typescript": "^5.9.2"
            }
        },
        "../ts-plugin": {
            "extraneous": true
        },
        "node_modules/@corvu/utils": {
            "version": "0.4.2",
            "resolved": "https://registry.npmjs.org/@corvu/utils/-/utils-0.4.2.tgz",
            "integrity": "sha512-Ox2kYyxy7NoXdKWdHeDEjZxClwzO4SKM8plAaVwmAJPxHMqA0rLOoAsa+hBDwRLpctf+ZRnAd/ykguuJidnaTA==",
            "dependencies": {
                "@floating-ui/dom": "^1.6.11"
            },
            "peerDependencies": {
                "solid-js": "^1.8"
            }
        },
        "node_modules/@floating-ui/core": {
            "version": "1.7.3",
            "resolved": "https://registry.npmjs.org/@floating-ui/core/-/core-1.7.3.tgz",
            "integrity": "sha512-sGnvb5dmrJaKEZ+LDIpguvdX3bDlEllmv4/ClQ9awcmCZrlx5jQyyMWFM5kBI+EyNOCDDiKk8il0zeuX3Zlg/w==",
            "dependencies": {
                "@floating-ui/utils": "^0.2.10"
            }
        },
        "node_modules/@floating-ui/dom": {
            "version": "1.7.4",
            "resolved": "https://registry.npmjs.org/@floating-ui/dom/-/dom-1.7.4.tgz",
            "integrity": "sha512-OOchDgh4F2CchOX94cRVqhvy7b3AFb+/rQXyswmzmGakRfkMgoWVjfnLWkRirfLEfuD4ysVW16eXzwt3jHIzKA==",
            "dependencies": {
                "@floating-ui/core": "^1.7.3",
                "@floating-ui/utils": "^0.2.10"
            }
        },
        "node_modules/@floating-ui/utils": {
            "version": "0.2.10",
            "resolved": "https://registry.npmjs.org/@floating-ui/utils/-/utils-0.2.10.tgz",
            "integrity": "sha512-aGTxbpbg8/b5JfU1HXSrbH3wXZuLPJcNEcZQFMxLs3oSzgtVu6nFPkbbGGUvBcUjKV2YyB9Wxxabo+HEH9tcRQ=="
        },
        "node_modules/@internationalized/date": {
            "version": "3.9.0",
            "resolved": "https://registry.npmjs.org/@internationalized/date/-/date-3.9.0.tgz",
            "integrity": "sha512-yaN3brAnHRD+4KyyOsJyk49XUvj2wtbNACSqg0bz3u8t2VuzhC8Q5dfRnrSxjnnbDb+ienBnkn1TzQfE154vyg==",
            "dependencies": {
                "@swc/helpers": "^0.5.0"
            }
        },
        "node_modules/@internationalized/number": {
            "version": "3.6.5",
            "resolved": "https://registry.npmjs.org/@internationalized/number/-/number-3.6.5.tgz",
            "integrity": "sha512-6hY4Kl4HPBvtfS62asS/R22JzNNy8vi/Ssev7x6EobfCp+9QIB2hKvI2EtbdJ0VSQacxVNtqhE/NmF/NZ0gm6g==",
            "dependencies": {
                "@swc/helpers": "^0.5.0"
            }
        },
        "node_modules/@kobalte/core": {
            "version": "0.13.11",
            "resolved": "https://registry.npmjs.org/@kobalte/core/-/core-0.13.11.tgz",
            "integrity": "sha512-hK7TYpdib/XDb/r/4XDBFaO9O+3ZHz4ZWryV4/3BfES+tSQVgg2IJupDnztKXB0BqbSRy/aWlHKw1SPtNPYCFQ==",
            "dependencies": {
                "@floating-ui/dom": "^1.5.1",
                "@internationalized/date": "^3.4.0",
                "@internationalized/number": "^3.2.1",
                "@kobalte/utils": "^0.9.1",
                "@solid-primitives/props": "^3.1.8",
                "@solid-primitives/resize-observer": "^2.0.26",
                "solid-presence": "^0.1.8",
                "solid-prevent-scroll": "^0.1.4"
            },
            "peerDependencies": {
                "solid-js": "^1.8.15"
            }
        },
        "node_modules/@kobalte/utils": {
            "version": "0.9.1",
            "resolved": "https://registry.npmjs.org/@kobalte/utils/-/utils-0.9.1.tgz",
            "integrity": "sha512-eeU60A3kprIiBDAfv9gUJX1tXGLuZiKMajUfSQURAF2pk4ZoMYiqIzmrMBvzcxP39xnYttgTyQEVLwiTZnrV4w==",
            "dependencies": {
                "@solid-primitives/event-listener": "^2.2.14",
                "@solid-primitives/keyed": "^1.2.0",
                "@solid-primitives/map": "^0.4.7",
                "@solid-primitives/media": "^2.2.4",
                "@solid-primitives/props": "^3.1.8",
                "@solid-primitives/refs": "^1.0.5",
                "@solid-primitives/utils": "^6.2.1"
            },
            "peerDependencies": {
                "solid-js": "^1.8.8"
            }
        },
        "node_modules/@solid-primitives/event-listener": {
            "version": "2.4.3",
            "resolved": "https://registry.npmjs.org/@solid-primitives/event-listener/-/event-listener-2.4.3.tgz",
            "integrity": "sha512-h4VqkYFv6Gf+L7SQj+Y6puigL/5DIi7x5q07VZET7AWcS+9/G3WfIE9WheniHWJs51OEkRB43w6lDys5YeFceg==",
            "dependencies": {
                "@solid-primitives/utils": "^6.3.2"
            },
            "peerDependencies": {
                "solid-js": "^1.6.12"
            }
        },
        "node_modules/@solid-primitives/keyed": {
            "version": "1.5.2",
            "resolved": "https://registry.npmjs.org/@solid-primitives/keyed/-/keyed-1.5.2.tgz",
            "integrity": "sha512-BgoEdqPw48URnI+L5sZIHdF4ua4Las1eWEBBPaoSFs42kkhnHue+rwCBPL2Z9ebOyQ75sUhUfOETdJfmv0D6Kg==",
            "peerDependencies": {
                "solid-js": "^1.6.12"
            }
        },
        "node_modules/@solid-primitives/map": {
            "version": "0.4.13",
            "resolved": "https://registry.npmjs.org/@solid-primitives/map/-/map-0.4.13.tgz",
            "integrity": "sha512-B1zyFbsiTQvqPr+cuPCXO72sRuczG9Swncqk5P74NCGw1VE8qa/Ry9GlfI1e/VdeQYHjan+XkbE3rO2GW/qKew==",
            "dependencies": {
                "@solid-primitives/trigger": "^1.1.0"
            },
            "peerDependencies": {
                "solid-js": "^1.6.12"
            }
        },
        "node_modules/@solid-primitives/media": {
            "version": "2.3.3",
            "resolved": "https://registry.npmjs.org/@solid-primitives/media/-/media-2.3.3.tgz",
            "integrity": "sha512-hQ4hLOGvfbugQi5Eu1BFWAIJGIAzztq9x0h02xgBGl2l0Jaa3h7tg6bz5tV1NSuNYVGio4rPoa7zVQQLkkx9dA==",
            "dependencies": {
                "@solid-primitives/event-listener": "^2.4.3",
                "@solid-primitives/rootless": "^1.5.2",
                "@solid-primitives/static-store": "^0.1.2",
                "@solid-primitives/utils": "^6.3.2"
            },
            "peerDependencies": {
                "solid-js": "^1.6.12"
            }
        },
        "node_modules/@solid-primitives/props": {
            "version": "3.2.2",
            "resolved": "https://registry.npmjs.org/@solid-primitives/props/-/props-3.2.2.tgz",
            "integrity": "sha512-lZOTwFJajBrshSyg14nBMEP0h8MXzPowGO0s3OeiR3z6nXHTfj0FhzDtJMv+VYoRJKQHG2QRnJTgCzK6erARAw==",
            "dependencies": {
                "@solid-primitives/utils": "^6.3.2"
            },
            "peerDependencies": {
                "solid-js": "^1.6.12"
            }
        },
        "node_modules/@solid-primitives/refs": {
            "version": "1.1.2",
            "resolved": "https://registry.npmjs.org/@solid-primitives/refs/-/refs-1.1.2.tgz",
            "integrity": "sha512-K7tf2thy7L+YJjdqXspXOg5xvNEOH8tgEWsp0+1mQk3obHBRD6hEjYZk7p7FlJphSZImS35je3UfmWuD7MhDfg==",
            "dependencies": {
                "@solid-primitives/utils": "^6.3.2"
            },
            "peerDependencies": {
                "solid-js": "^1.6.12"
            }
        },
        "node_modules/@solid-primitives/resize-observer": {
            "version": "2.1.3",
            "resolved": "https://registry.npmjs.org/@solid-primitives/resize-observer/-/resize-observer-2.1.3.tgz",
            "integrity": "sha512-zBLje5E06TgOg93S7rGPldmhDnouNGhvfZVKOp+oG2XU8snA+GoCSSCz1M+jpNAg5Ek2EakU5UVQqL152WmdXQ==",
            "dependencies": {
                "@solid-primitives/event-listener": "^2.4.3",
                "@solid-primitives/rootless": "^1.5.2",
                "@solid-primitives/static-store": "^0.1.2",
                "@solid-primitives/utils": "^6.3.2"
            },
            "peerDependencies": {
                "solid-js": "^1.6.12"
            }
        },
        "node_modules/@solid-primitives/rootless": {
            "version": "1.5.2",
            "resolved": "https://registry.npmjs.org/@solid-primitives/rootless/-/rootless-1.5.2.tgz",
            "integrity": "sha512-9HULb0QAzL2r47CCad0M+NKFtQ+LrGGNHZfteX/ThdGvKIg2o2GYhBooZubTCd/RTu2l2+Nw4s+dEfiDGvdrrQ==",
            "dependencies": {
                "@solid-primitives/utils": "^6.3.2"
            },
            "peerDependencies": {
                "solid-js": "^1.6.12"
            }
        },
        "node_modules/@solid-primitives/static-store": {
            "version": "0.1.2",
            "resolved": "https://registry.npmjs.org/@solid-primitives/static-store/-/static-store-0.1.2.tgz",
            "integrity": "sha512-ReK+5O38lJ7fT+L6mUFvUr6igFwHBESZF+2Ug842s7fvlVeBdIVEdTCErygff6w7uR6+jrr7J8jQo+cYrEq4Iw==",
            "dependencies": {
                "@solid-primitives/utils": "^6.3.2"
            },
            "peerDependencies": {
                "solid-js": "^1.6.12"
            }
        },
        "node_modules/@solid-primitives/trigger": {
            "version": "1.2.2",
            "resolved": "https://registry.npmjs.org/@solid-primitives/trigger/-/trigger-1.2.2.tgz",
            "integrity": "sha512-IWoptVc0SWYgmpBPpCMehS5b07+tpFcvw15tOQ3QbXedSYn6KP8zCjPkHNzMxcOvOicTneleeZDP7lqmz+PQ6g==",
            "dependencies": {
                "@solid-primitives/utils": "^6.3.2"
            },
            "peerDependencies": {
                "solid-js": "^1.6.12"
            }
        },
        "node_modules/@solid-primitives/utils": {
            "version": "6.3.2",
            "resolved": "https://registry.npmjs.org/@solid-primitives/utils/-/utils-6.3.2.tgz",
            "integrity": "sha512-hZ/M/qr25QOCcwDPOHtGjxTD8w2mNyVAYvcfgwzBHq2RwNqHNdDNsMZYap20+ruRwW4A3Cdkczyoz0TSxLCAPQ==",
            "peerDependencies": {
                "solid-js": "^1.6.12"
            }
        },
        "node_modules/@swc/helpers": {
            "version": "0.5.17",
            "resolved": "https://registry.npmjs.org/@swc/helpers/-/helpers-0.5.17.tgz",
            "integrity": "sha512-5IKx/Y13RsYd+sauPb2x+U/xZikHjolzfuDgTAl/Tdf3Q8rslRvC19NKDLgAJQ6wsqADk10ntlv08nPFw/gO/A==",
            "dependencies": {
                "tslib": "^2.8.0"
            }
        },
        "node_modules/csstype": {
            "version": "3.1.3",
            "resolved": "https://registry.npmjs.org/csstype/-/csstype-3.1.3.tgz",
            "integrity": "sha512-M1uQkMl8rQK/szD0LNhtqxIPLpimGm8sOBwU7lLnCpSbTyY3yeU1Vc7l4KT5zT4s/yOxHH5O7tIuuLOCnLADRw=="
        },
        "node_modules/html5parser": {
            "version": "2.0.2",
            "resolved": "https://registry.npmjs.org/html5parser/-/html5parser-2.0.2.tgz",
            "integrity": "sha512-L0y+IdTVxHsovmye8MBtFgBvWZnq1C9WnI/SmJszxoQjmUH1psX2uzDk21O5k5et6udxdGjwxkbmT9eVRoG05w==",
            "dependencies": {
                "tslib": "^2.2.0"
            }
        },
        "node_modules/seroval": {
            "version": "1.3.2",
            "resolved": "https://registry.npmjs.org/seroval/-/seroval-1.3.2.tgz",
            "integrity": "sha512-RbcPH1n5cfwKrru7v7+zrZvjLurgHhGyso3HTyGtRivGWgYjbOmGuivCQaORNELjNONoK35nj28EoWul9sb1zQ==",
            "engines": {
                "node": ">=10"
            }
        },
        "node_modules/seroval-plugins": {
            "version": "1.3.3",
            "resolved": "https://registry.npmjs.org/seroval-plugins/-/seroval-plugins-1.3.3.tgz",
            "integrity": "sha512-16OL3NnUBw8JG1jBLUoZJsLnQq0n5Ua6aHalhJK4fMQkz1lqR7Osz1sA30trBtd9VUDc2NgkuRCn8+/pBwqZ+w==",
            "engines": {
                "node": ">=10"
            },
            "peerDependencies": {
                "seroval": "^1.0"
            }
        },
        "node_modules/solid-html": {
            "version": "1.8.2",
            "resolved": "https://registry.npmjs.org/solid-html/-/solid-html-1.8.2.tgz",
            "integrity": "sha512-QfPyASPH6QtdGqZPoI19IACvn4lxRwzw5ndowMFEGr1EqTaJcGE/SzejwTT1Eg2Bl59fCjFyHikDCewOtHurnw==",
            "dependencies": {
                "html5parser": "^2.0.2",
                "solid-js": "^1.9.6"
            }
        },
        "node_modules/solid-js": {
            "version": "1.9.9",
            "resolved": "https://registry.npmjs.org/solid-js/-/solid-js-1.9.9.tgz",
            "integrity": "sha512-A0ZBPJQldAeGCTW0YRYJmt7RCeh5rbFfPZ2aOttgYnctHE7HgKeHCBB/PVc2P7eOfmNXqMFFFoYYdm3S4dcbkA==",
            "dependencies": {
                "csstype": "^3.1.0",
                "seroval": "~1.3.0",
                "seroval-plugins": "~1.3.0"
            }
        },
        "node_modules/solid-presence": {
            "version": "0.1.8",
            "resolved": "https://registry.npmjs.org/solid-presence/-/solid-presence-0.1.8.tgz",
            "integrity": "sha512-pWGtXUFWYYUZNbg5YpG5vkQJyOtzn2KXhxYaMx/4I+lylTLYkITOLevaCwMRN+liCVk0pqB6EayLWojNqBFECA==",
            "dependencies": {
                "@corvu/utils": "~0.4.0"
            },
            "peerDependencies": {
                "solid-js": "^1.8"
            }
        },
        "node_modules/solid-prevent-scroll": {
            "version": "0.1.10",
            "resolved": "https://registry.npmjs.org/solid-prevent-scroll/-/solid-prevent-scroll-0.1.10.tgz",
            "integrity": "sha512-KplGPX2GHiWJLZ6AXYRql4M127PdYzfwvLJJXMkO+CMb8Np4VxqDAg5S8jLdwlEuBis/ia9DKw2M8dFx5u8Mhw==",
            "dependencies": {
                "@corvu/utils": "~0.4.1"
            },
            "peerDependencies": {
                "solid-js": "^1.8"
            }
        },
        "node_modules/tslib": {
            "version": "2.8.1",
            "resolved": "https://registry.npmjs.org/tslib/-/tslib-2.8.1.tgz",
            "integrity": "sha512-oJFu94HQb+KVduSUQL7wnpmqnfmLsOA/nAh6b6EH0wCEoK0/mPeXU6c3wKDV83MkOuHPRHtSXKKU99IBazS/2w=="
        }
    }
}
